{"meta":{"format_version":"4.5","model_format":"figura","box_uv":false},"name":"","visible_box":[1,1,0],"variable_placeholders":"","variable_placeholder_buttons":[],"timeline_setups":[],"unhandled_root_fields":{},"resolution":{"width":64,"height":64},"elements":[{"name":"Katana","color":1,"origin":[6.217248937900877e-15,0,6.600000253454768],"rotation":[-89.99999999999999,1.2722218725854067e-14,89.99999999999994],"visibility":true,"locked":false,"render_order":"default","allow_mirror_modeling":true,"vertices":{"yCKb":[6.0661952,0.20179200000000003,0.6744383999999997],"gEPr":[6.0661952,-0.20179200000000003,0.6744383999999997],"UVC9":[6.3929279999999995,-0.1540224,8.5856896],"JBLq":[6.3929279999999995,0.1540224,8.5856896],"cOk9":[6.9242368,0,0.6476223999999995],"4V1e":[6.898816,0,0.18339839999999974],"ePpB":[6.0418047999999995,0.20015360000000004,0.2409087999999997],"zNut":[6.2943232,-0.0572224,14.5874688],"GqGJ":[6.2943232,0.0572224,14.5874688],"dFyI":[7.1309439999999995,0,8.5856896],"sEy4":[7.0269952,0,14.5874688],"CEq5":[6.0418047999999995,-0.20015360000000004,0.2409087999999997],"KF9C":[6.4708672,0,20.5276032],"nJ8j":[5.801408,0,21.316076799999998],"GMzt":[6.4190656,0.2690944,-0.15557759999999998],"OmbU":[6.8795776,0.16988160000000002,-0.1859648000000007],"N5JY":[6.217548799999999,0.20201600000000003,-7.297376],"sC6z":[5.7189824,0.32000000000000006,-7.165478400000001],"JjRH":[6.4190656,-0.2690944,-0.15557759999999998],"JQTo":[5.7189824,-0.32000000000000006,-7.165478400000001],"fCR2":[6.217548799999999,-0.20201600000000003,-7.297376],"1n6E":[6.8795776,-0.16988160000000002,-0.1859648000000007],"3Oua":[6.4190656,0.7306368000000001,-0.1646655999999993],"bo1F":[5.4134016,0.1397952,-0.0852416000000007],"AfGW":[5.4344896,0.1397952,0.2964991999999995],"r3Z4":[6.444256,0.7306368000000001,0.21707519999999914],"FmGo":[5.9585536,0.16988160000000002,-0.12519040000000015],"xP5i":[5.2204224,0.20201600000000003,-7.0335871999999995],"yC7f":[5.2204224,-0.20201600000000003,-7.0335871999999995],"HohR":[5.9585536,-0.16988160000000002,-0.12519040000000015],"V8W2":[6.4190656,-0.7306368000000001,-0.1646655999999993],"rWGE":[5.4134016,-0.1397952,-0.0852416000000007],"Envz":[7.428832,-0.1397952,-0.24408959999999968],"KOt3":[7.428832,0.1397952,-0.24408959999999968],"K6uO":[7.4499200000000005,0.1397952,0.13764479999999946],"C0nl":[7.4499200000000005,-0.1397952,0.13764479999999946],"EYnr":[5.4344896,-0.1397952,0.2964991999999995],"Kw52":[6.444256,-0.7306368000000001,0.21707519999999914]},"faces":{"Wxr9wOGM":{"uv":{"yCKb":[7.500032,0.49996800000000263],"gEPr":[7.500032,0.49996800000000263],"UVC9":[7.500032,0.49996800000000263],"JBLq":[7.500032,0.49996800000000263]},"vertices":["yCKb","gEPr","UVC9","JBLq"],"texture":0},"xtOnJLg4":{"uv":{"yCKb":[6.499968,1.5000319999999974],"cOk9":[5.500032,1.5000319999999974],"4V1e":[5.500032,1.5000319999999974],"ePpB":[6.499968,1.5000319999999974]},"vertices":["yCKb","cOk9","4V1e","ePpB"],"texture":0},"bpK1fWt9":{"uv":{"JBLq":[7.500032,0.49996800000000263],"UVC9":[7.500032,0.49996800000000263],"zNut":[7.500032,0.49996800000000263],"GqGJ":[7.500032,0.49996800000000263]},"vertices":["JBLq","UVC9","zNut","GqGJ"],"texture":0},"qeqiuLTk":{"uv":{"zNut":[7.500032,1.5000319999999974],"UVC9":[7.500032,1.5000319999999974],"dFyI":[6.499968,1.5000319999999974],"sEy4":[6.499968,1.5000319999999974]},"vertices":["zNut","UVC9","dFyI","sEy4"],"texture":0},"gk0oV0uc":{"uv":{"gEPr":[6.499968,1.5000319999999974],"CEq5":[6.499968,1.5000319999999974],"4V1e":[5.500032,1.5000319999999974],"cOk9":[5.500032,1.5000319999999974]},"vertices":["gEPr","CEq5","4V1e","cOk9"],"texture":0},"pP27ZeFU":{"uv":{"GqGJ":[7.500032,1.5000319999999974],"sEy4":[6.499968,1.5000319999999974],"dFyI":[6.499968,1.5000319999999974],"JBLq":[7.500032,1.5000319999999974]},"vertices":["GqGJ","sEy4","dFyI","JBLq"],"texture":0},"xSniiAR5":{"uv":{"JBLq":[7.500032,1.5000319999999974],"dFyI":[6.499968,1.5000319999999974],"cOk9":[6.506432,1.5000319999999974],"yCKb":[7.512512,1.5000319999999974]},"vertices":["JBLq","dFyI","cOk9","yCKb"],"texture":0},"19t7qwhq":{"uv":{"UVC9":[7.500032,1.5000319999999974],"gEPr":[7.512512,1.5000319999999974],"cOk9":[6.506432,1.5000319999999974],"dFyI":[6.499968,1.5000319999999974]},"vertices":["UVC9","gEPr","cOk9","dFyI"],"texture":0},"qKzQhGbS":{"uv":{"KF9C":[6.499968,1.5000319999999974],"nJ8j":[7.500032,1.5000319999999974],"zNut":[7.500032,1.5000319999999974],"sEy4":[6.499968,1.5000319999999974]},"vertices":["KF9C","nJ8j","zNut","sEy4"],"texture":0},"12LlyklS":{"uv":{"GqGJ":[7.500032,0.49996800000000263],"zNut":[7.500032,0.49996800000000263],"nJ8j":[7.500032,0.49996800000000263]},"vertices":["GqGJ","zNut","nJ8j"],"texture":0},"HaBedkQ4":{"uv":{"ePpB":[7.500032,0.49996800000000263],"CEq5":[7.500032,0.49996800000000263],"gEPr":[7.500032,0.49996800000000263],"yCKb":[7.500032,0.49996800000000263]},"vertices":["ePpB","CEq5","gEPr","yCKb"],"texture":0},"HmYiGQTf":{"uv":{"KF9C":[6.499968,1.5000319999999974],"sEy4":[6.499968,1.5000319999999974],"GqGJ":[7.500032,1.5000319999999974],"nJ8j":[7.500032,1.5000319999999974]},"vertices":["KF9C","sEy4","GqGJ","nJ8j"],"texture":0},"1udwc7pb":{"uv":{"GMzt":[0.499968,0.49996800000000263],"OmbU":[0.499968,0.49996800000000263],"N5JY":[0.499968,0.49996800000000263],"sC6z":[0.499968,0.49996800000000263]},"vertices":["GMzt","OmbU","N5JY","sC6z"],"texture":0},"nNhsMjoD":{"uv":{"JjRH":[0.499968,0.49996800000000263],"JQTo":[0.499968,0.49996800000000263],"fCR2":[0.499968,0.49996800000000263],"1n6E":[0.499968,0.49996800000000263]},"vertices":["JjRH","JQTo","fCR2","1n6E"],"texture":0},"gyVEKfT7":{"uv":{"3Oua":[3.500032,5.500031999999997],"bo1F":[3.500032,5.500031999999997],"AfGW":[3.500032,5.500031999999997],"r3Z4":[3.500032,5.500031999999997]},"vertices":["3Oua","bo1F","AfGW","r3Z4"],"texture":0},"gmg38Q0Y":{"uv":{"sC6z":[0.499968,0.49996800000000263],"N5JY":[0.499968,0.49996800000000263],"fCR2":[0.499968,0.49996800000000263],"JQTo":[0.499968,0.49996800000000263]},"vertices":["sC6z","N5JY","fCR2","JQTo"],"texture":0},"J3ReVDpb":{"uv":{"FmGo":[1.500032,0.49996800000000263],"xP5i":[1.500032,0.49996800000000263],"yC7f":[1.500032,0.49996800000000263],"HohR":[1.500032,0.49996800000000263]},"vertices":["FmGo","xP5i","yC7f","HohR"],"texture":0},"fAR7kw2V":{"uv":{"N5JY":[0.499968,0.49996800000000263],"OmbU":[0.499968,0.49996800000000263],"1n6E":[0.499968,0.49996800000000263],"fCR2":[0.499968,0.49996800000000263]},"vertices":["N5JY","OmbU","1n6E","fCR2"],"texture":0},"CCoqrHDd":{"uv":{"3Oua":[4.499968,5.500031999999997],"V8W2":[4.499968,5.500031999999997],"rWGE":[4.499968,5.500031999999997],"bo1F":[4.499968,5.500031999999997]},"vertices":["3Oua","V8W2","rWGE","bo1F"],"texture":0},"OTngEPQL":{"uv":{"Envz":[3.500032,5.500031999999997],"KOt3":[3.500032,5.500031999999997],"K6uO":[3.500032,5.500031999999997],"C0nl":[3.500032,5.500031999999997]},"vertices":["Envz","KOt3","K6uO","C0nl"],"texture":0},"qO6R4ax6":{"uv":{"bo1F":[2.499968,5.500031999999997],"rWGE":[2.499968,5.500031999999997],"EYnr":[2.499968,5.500031999999997],"AfGW":[2.499968,5.500031999999997]},"vertices":["bo1F","rWGE","EYnr","AfGW"],"texture":0},"2C7tjyJs":{"uv":{"r3Z4":[1.500032,5.500031999999997],"AfGW":[1.500032,5.500031999999997],"EYnr":[1.500032,5.500031999999997],"Kw52":[1.500032,5.500031999999997]},"vertices":["r3Z4","AfGW","EYnr","Kw52"],"texture":0},"YUMiZRBL":{"uv":{"V8W2":[2.499968,5.500031999999997],"Envz":[2.499968,5.500031999999997],"C0nl":[2.499968,5.500031999999997],"Kw52":[2.499968,5.500031999999997]},"vertices":["V8W2","Envz","C0nl","Kw52"],"texture":0},"GsQBVZMJ":{"uv":{"rWGE":[3.500032,5.500031999999997],"V8W2":[3.500032,5.500031999999997],"Kw52":[3.500032,5.500031999999997],"EYnr":[3.500032,5.500031999999997]},"vertices":["rWGE","V8W2","Kw52","EYnr"],"texture":0},"s5AWi1nX":{"uv":{"K6uO":[1.500032,5.500031999999997],"r3Z4":[1.500032,5.500031999999997],"Kw52":[1.500032,5.500031999999997],"C0nl":[1.500032,5.500031999999997]},"vertices":["K6uO","r3Z4","Kw52","C0nl"],"texture":0},"qBT75jsi":{"uv":{"KOt3":[4.499968,5.500031999999997],"Envz":[4.499968,5.500031999999997],"V8W2":[4.499968,5.500031999999997],"3Oua":[4.499968,5.500031999999997]},"vertices":["KOt3","Envz","V8W2","3Oua"],"texture":0},"uSzNmSP1":{"uv":{"KOt3":[2.499968,5.500031999999997],"3Oua":[2.499968,5.500031999999997],"r3Z4":[2.499968,5.500031999999997],"K6uO":[2.499968,5.500031999999997]},"vertices":["KOt3","3Oua","r3Z4","K6uO"],"texture":0},"TubjBACt":{"uv":{"xP5i":[1.500032,0.49996800000000263],"sC6z":[1.500032,0.49996800000000263],"JQTo":[1.500032,0.49996800000000263],"yC7f":[1.500032,0.49996800000000263]},"vertices":["xP5i","sC6z","JQTo","yC7f"],"texture":0},"Ni2b8w5T":{"uv":{"HohR":[1.500032,0.49996800000000263],"yC7f":[1.500032,0.49996800000000263],"JQTo":[1.500032,0.49996800000000263],"JjRH":[1.500032,0.49996800000000263]},"vertices":["HohR","yC7f","JQTo","JjRH"],"texture":0},"QY82dH0s":{"uv":{"FmGo":[1.500032,0.49996800000000263],"GMzt":[1.500032,0.49996800000000263],"sC6z":[1.500032,0.49996800000000263],"xP5i":[1.500032,0.49996800000000263]},"vertices":["FmGo","GMzt","sC6z","xP5i"],"texture":0}},"type":"mesh","uuid":"e4724af6-e97c-7541-45a1-baa04169100a"},{"name":"Container","color":1,"origin":[6.217248937900877e-15,0,6.600000253454768],"rotation":[-89.99999999999999,1.2722218725854067e-14,89.99999999999994],"visibility":false,"locked":false,"render_order":"default","allow_mirror_modeling":true,"vertices":{"zM8h":[6.586649599999999,0,21.5906048],"tMic":[5.5913471999999995,-0.288,21.4899008],"aXlf":[6.114144,-0.288,14.6092416],"G1AV":[7.1911936,0,14.6105856],"QgLI":[6.2215936,-0.288,8.5764352],"Bjym":[7.2986112,0,8.5857344],"VmQC":[5.8912896,-0.288,0.24584319999999948],"Okgk":[7.1293568,0,0.15526399999999896],"3Tbl":[6.586649599999999,0,21.5906048],"IFhx":[7.1911936,0,14.6105856],"sCRl":[6.114144,0.288,14.6092416],"ZfTQ":[5.5913471999999995,0.288,21.4899008],"gwcF":[7.2986112,0,8.5857344],"FLF2":[6.2215936,0.288,8.5764352],"4eL3":[7.1293568,0,0.15526399999999896],"REHV":[5.8912896,0.288,0.24584319999999948]},"faces":{"97QJ8eex":{"uv":{"zM8h":[1.500032,0.49996800000000263],"tMic":[1.500032,0.49996800000000263],"aXlf":[1.500032,0.49996800000000263],"G1AV":[1.500032,0.49996800000000263]},"vertices":["zM8h","tMic","aXlf","G1AV"],"texture":0},"5t4s8R5Y":{"uv":{"G1AV":[1.500032,0.49996800000000263],"aXlf":[1.500032,0.49996800000000263],"QgLI":[1.500032,0.49996800000000263],"Bjym":[1.500032,0.49996800000000263]},"vertices":["G1AV","aXlf","QgLI","Bjym"],"texture":0},"NJ3Np64A":{"uv":{"Bjym":[1.500032,0.49996800000000263],"QgLI":[1.500032,0.49996800000000263],"VmQC":[1.500032,0.49996800000000263],"Okgk":[1.500032,0.49996800000000263]},"vertices":["Bjym","QgLI","VmQC","Okgk"],"texture":0},"JCr5BGe0":{"uv":{"3Tbl":[1.500032,0.49996800000000263],"IFhx":[1.500032,0.49996800000000263],"sCRl":[1.500032,0.49996800000000263],"ZfTQ":[1.500032,0.49996800000000263]},"vertices":["3Tbl","IFhx","sCRl","ZfTQ"],"texture":0},"6wPcSH5C":{"uv":{"IFhx":[1.500032,0.49996800000000263],"gwcF":[1.500032,0.49996800000000263],"FLF2":[1.500032,0.49996800000000263],"sCRl":[1.500032,0.49996800000000263]},"vertices":["IFhx","gwcF","FLF2","sCRl"],"texture":0},"pSWfWFYh":{"uv":{"gwcF":[1.500032,0.49996800000000263],"4eL3":[1.500032,0.49996800000000263],"REHV":[1.500032,0.49996800000000263],"FLF2":[1.500032,0.49996800000000263]},"vertices":["gwcF","4eL3","REHV","FLF2"],"texture":0},"ijHhioMC":{"uv":{"tMic":[0.499968,0.49996800000000263],"zM8h":[0.499968,0.49996800000000263],"3Tbl":[0.499968,0.49996800000000263],"ZfTQ":[0.499968,0.49996800000000263]},"vertices":["tMic","zM8h","3Tbl","ZfTQ"],"texture":0},"lnj4Iccf":{"uv":{"aXlf":[0.499968,0.49996800000000263],"tMic":[0.499968,0.49996800000000263],"ZfTQ":[0.499968,0.49996800000000263],"sCRl":[0.499968,0.49996800000000263]},"vertices":["aXlf","tMic","ZfTQ","sCRl"],"texture":0},"jlNEnLzI":{"uv":{"zM8h":[1.500032,0.49996800000000263],"G1AV":[1.500032,0.49996800000000263],"IFhx":[1.500032,0.49996800000000263],"3Tbl":[1.500032,0.49996800000000263]},"vertices":["zM8h","G1AV","IFhx","3Tbl"],"texture":0},"nBISHSVh":{"uv":{"G1AV":[1.500032,0.49996800000000263],"Bjym":[1.500032,0.49996800000000263],"gwcF":[1.500032,0.49996800000000263],"IFhx":[1.500032,0.49996800000000263]},"vertices":["G1AV","Bjym","gwcF","IFhx"],"texture":0},"eOwbtrUv":{"uv":{"QgLI":[0.499968,0.49996800000000263],"aXlf":[0.499968,0.49996800000000263],"sCRl":[0.499968,0.49996800000000263],"FLF2":[0.499968,0.49996800000000263]},"vertices":["QgLI","aXlf","sCRl","FLF2"],"texture":0},"KyvctJGR":{"uv":{"Okgk":[1.500032,0.49996800000000263],"VmQC":[1.500032,0.49996800000000263],"REHV":[1.500032,0.49996800000000263],"4eL3":[1.500032,0.49996800000000263]},"vertices":["Okgk","VmQC","REHV","4eL3"],"texture":0},"yLJ0pFqW":{"uv":{"Bjym":[1.500032,0.49996800000000263],"Okgk":[1.500032,0.49996800000000263],"4eL3":[1.500032,0.49996800000000263],"gwcF":[1.500032,0.49996800000000263]},"vertices":["Bjym","Okgk","4eL3","gwcF"],"texture":0},"BTggaiQC":{"uv":{"VmQC":[0.499968,0.49996800000000263],"QgLI":[0.499968,0.49996800000000263],"FLF2":[0.499968,0.49996800000000263],"REHV":[0.499968,0.49996800000000263]},"vertices":["VmQC","QgLI","FLF2","REHV"],"texture":0}},"type":"mesh","uuid":"0e0021c8-8ca5-59e3-bf79-88d7da186342"}],"outliner":[{"name":"sub","origin":[6.217248937900877e-15,0,0.6000002534547675],"color":0,"uuid":"6e70107b-4c41-9c96-8d6b-03882a7dd559","export":true,"mirror_uv":false,"isOpen":true,"locked":false,"visibility":true,"autouv":0,"children":["e4724af6-e97c-7541-45a1-baa04169100a","0e0021c8-8ca5-59e3-bf79-88d7da186342"]}],"textures":[{"path":"D:\\GNs Figura Rewrite Library\\avatars\\A\\Jus GN\\textures\\endesga.png","name":"endesga.png","folder":"","namespace":"","id":"2","particle":false,"render_mode":"default","render_sides":"auto","frame_time":1,"frame_order_type":"loop","frame_order":"","frame_interpolate":false,"visible":true,"mode":"bitmap","saved":true,"uuid":"71624b3a-cdde-f444-db39-312e0ef7fe36","relative_path":"../textures/endesga.png","source":"data:image/png;base64,iVBORw0KGgoAAAANSUhEUgAAAEAAAABACAYAAACqaXHeAAAAAXNSR0IArs4c6QAAAelJREFUeF7tlsFOGlEYhc91kCFyIRSmI8UBhzIy2MAMkKJo09BFY6JsNGnSdTdNuuhDuHPlxpdw5yv4Er6GaxMX10ji+nd9+O/2rM53vntzTaPRcKVSCdZahGGIOI4xGAyQ5zmWyyWMMQbEx1T9HWfr26iFEZrtGL00wShLMcsSzMef+QFE9ci1K5tIKj5GURWzNEA62kUtO4AXjeG3JtwGXO+13Tz20coDVA6bqP+6Wwn/qr7DD2dwzw3AncM99gPUhwD6H4DeFAhu6dV/e9aMzX46v1NCuVfAx/1npKMCFt0ajsNdDL1LehAGR/8dxt+BfArM2rBJEVcW+PfwCC9rUOu/uup248Yl5gRnxS7+HHhonj1h6/RpZchaAPA+Ldz8uYC01sEkyHDYOoYbA1/Pk/UA8DtK3XSjgG/FTfSrFuVeF2b4Bf7F3/UAQPzJe1c1+kdOoqAAJELsuRrAvrDUTw2QCLHnagD7wlI/NUAixJ6rAewLS/3UAIkQe64GsC8s9VMDJELsuRrAvrDUTw2QCLHnagD7wlI/NUAixJ6rAewLS/3UAIkQe64GsC8s9VMDJELsuRrAvrDUTw2QCLHnagD7wlI/NUAixJ6rAewLS/3UAIkQe64GsC8s9VMDJELsuRrAvrDU7wX3BzNBmUzengAAAABJRU5ErkJggg=="}]}